
Microsoft Visual Studio Solution File, Format Version 12.00
# Visual Studio Version 17
VisualStudioVersion = 17.11.35312.102
MinimumVisualStudioVersion = 10.0.40219.1
Project("{FAE04EC0-301F-11D3-BF4B-00C04F79EFBC}") = "KenaKata", "KenaKata\KenaKata.csproj", "{2FAA738A-D2CD-4ACE-95AA-69D38AEC2485}"
EndProject
Global
	GlobalSection(SolutionConfigurationPlatforms) = preSolution
		Debug|Any CPU = Debug|Any CPU
		Release|Any CPU = Release|Any CPU
	EndGlobalSection
	GlobalSection(ProjectConfigurationPlatforms) = postSolution
		{2FAA738A-D2CD-4ACE-95AA-69D38AEC2485}.Debug|Any CPU.ActiveCfg = Debug|Any CPU
		{2FAA738A-D2CD-4ACE-95AA-69D38AEC2485}.Debug|Any CPU.Build.0 = Debug|Any CPU
		{2FAA738A-D2CD-4ACE-95AA-69D38AEC2485}.Release|Any CPU.ActiveCfg = Release|Any CPU
		{2FAA738A-D2CD-4ACE-95AA-69D38AEC2485}.Release|Any CPU.Build.0 = Release|Any CPU
	EndGlobalSection
	GlobalSection(SolutionProperties) = preSolution
		HideSolutionNode = FALSE
	EndGlobalSection
	GlobalSection(ExtensibilityGlobals) = postSolution
		SolutionGuid = {2998060B-4D34-4D81-8A1D-8A420920430E}
	EndGlobalSection
EndGlobal
